{
  "name": "myitam-frontend",
  "version": "1.0.0",
  "lockfileVersion": 2,
  "requires": true,
  "packages": {
    "": {
      "name": "myitam-frontend",
      "version": "1.0.0",
      "dependencies": {
        "@emotion/react": "^11.11.1",
        "@emotion/styled": "^11.11.0",
        "@mui/icons-material": "^5.14.19",
        "@mui/material": "^5.14.20",
        "axios": "^1.6.2",
        "react": "^18.2.0",
        "react-dom": "^18.2.0",
        "react-scripts": "5.0.1"
      }
    },
    "node_modules/@emotion/react": {
      "version": "11.11.1",
      "resolved": "https://registry.npmjs.org/@emotion/react/-/react-11.11.1.tgz",
      "integrity": "sha512-6YM3uWU4vV3euy9pPk6qjJv/ks0Wx+FNkOwblKx3QqLSVW6jBcx/JMujnFTG2QqxkRf2OItmJN/MKdR2mkd2Ww==",
      "dependencies": {
        "@babel/runtime": "^7.18.3",
        "@emotion/babel-plugin": "^11.11.0",
        "@emotion/serialize": "^1.1.2",
        "@emotion/use-insertion-effect-with-fallbacks": "^1.0.1",
        "@emotion/utils": "^1.2.1",
        "@emotion/cache": "^11.11.0",
        "prop-types": "^15.8.1"
      },
      "peerDependencies": {
        "react": ">=16.8.0"
      }
    },
    "node_modules/@emotion/styled": {
      "version": "11.11.0",
      "resolved": "https://registry.npmjs.org/@emotion/styled/-/styled-11.11.0.tgz",
      "integrity": "sha512-hM5N4Sf5R2XC6dcZ4R2ZcKd+QqCwVTCiMqX67A8FHPQqJmTCQ3IHtcvmfQMpy2vQH7U3v0w6SJibka+XQpE1Fg==",
      "dependencies": {
        "@babel/runtime": "^7.18.3",
        "@emotion/babel-plugin": "^11.11.0",
        "@emotion/is-prop-valid": "^1.2.1",
        "@emotion/serialize": "^1.1.2",
        "@emotion/use-insertion-effect-with-fallbacks": "^1.0.1",
        "@emotion/utils": "^1.2.1",
        "@emotion/cache": "^11.11.0",
        "prop-types": "^15.8.1"
      },
      "peerDependencies": {
        "@emotion/react": "^11.7.0",
        "react": ">=16.8.0"
      }
    }
  }
}